
Microsoft Visual Studio Solution File, Format Version 12.00
# Visual Studio Version 17
VisualStudioVersion = 17.4.32804.182
MinimumVisualStudioVersion = 10.0.40219.1
Project("{9A19103F-16F7-4668-BE54-9A1E7A4F7556}") = "Workflow", "src\Workflow\Workflow.csproj", "{CF5F5C57-C1F2-462E-A34A-D78FD15FC7CD}"
EndProject
Project("{2150E333-8FDC-42A3-9474-1A3956D46DE8}") = "Tests", "Tests", "{47E9F9E9-7D9A-4D45-9402-0082317A6D1E}"
EndProject
Project("{9A19103F-16F7-4668-BE54-9A1E7A4F7556}") = "Workflow.Tests", "tests\Workflow.Tests\Workflow.Tests.csproj", "{C0830B2E-A7BE-4FE9-A595-0C8543953FC2}"
EndProject
Project("{9A19103F-16F7-4668-BE54-9A1E7A4F7556}") = "vNext", "src\vNext\vNext.csproj", "{72CCDE22-2BB2-44E5-9B72-4BCB976EE3C5}"
EndProject
Project("{9A19103F-16F7-4668-BE54-9A1E7A4F7556}") = "vNext.Tests", "tests\vNext.Tests\vNext.Tests.csproj", "{B9673A44-B98D-499C-AF20-3F7E0D9D7322}"
EndProject
Project("{2150E333-8FDC-42A3-9474-1A3956D46DE8}") = "POS", "POS", "{D1373FDD-89C4-4AF1-8062-34F7B4D02EE9}"
EndProject
Project("{2150E333-8FDC-42A3-9474-1A3956D46DE8}") = "SCO", "SCO", "{A7C22BBD-A8B7-4594-B004-E1E289436E67}"
EndProject
Project("{9A19103F-16F7-4668-BE54-9A1E7A4F7556}") = "POS", "src\POS\POS.csproj", "{F81B94BE-60A2-45BA-89CE-88FF8C05B5E9}"
EndProject
Project("{9A19103F-16F7-4668-BE54-9A1E7A4F7556}") = "SCO", "src\SCO\SCO.csproj", "{84E8B9E0-1286-4CF1-BFEA-5384C5B1FCD6}"
EndProject
Project("{9A19103F-16F7-4668-BE54-9A1E7A4F7556}") = "States", "src\States\States.csproj", "{FAD67C5B-D414-45B4-9A4F-9DAF278C01E2}"
EndProject
Project("{2150E333-8FDC-42A3-9474-1A3956D46DE8}") = "Devices", "Devices", "{3D93DB43-C513-46E9-8D61-99B1D4F3EC0E}"
EndProject
Project("{2150E333-8FDC-42A3-9474-1A3956D46DE8}") = "Drivers", "Drivers", "{E881F63F-D907-4D51-8F54-1A583C9148D0}"
EndProject
Project("{FAE04EC0-301F-11D3-BF4B-00C04F79EFBC}") = "Drivers.Display", "src\Devices\Drivers\Drivers.Display\Drivers.Display.csproj", "{FD66DBCF-3473-4492-BF7B-793769E064A8}"
EndProject
Project("{2150E333-8FDC-42A3-9474-1A3956D46DE8}") = "Tools", "Tools", "{B2067672-85C8-4A2F-84A9-88ABB99C6F87}"
EndProject
Project("{2150E333-8FDC-42A3-9474-1A3956D46DE8}") = "Pipes", "Pipes", "{686799A9-1880-4B3C-8ADE-94CE6F6886FE}"
EndProject
Project("{9A19103F-16F7-4668-BE54-9A1E7A4F7556}") = "Pipes.Client", "src\Tools\Pipes\Pipes.Client\Pipes.Client.csproj", "{673C0FB5-E819-4F75-A99D-03802A06CCC3}"
EndProject
Project("{9A19103F-16F7-4668-BE54-9A1E7A4F7556}") = "Pipes.Service", "src\Tools\Pipes\Pipes.Service\Pipes.Service.csproj", "{B83EC91D-69EC-48DA-A6F9-674DFE9206C8}"
EndProject
Project("{2150E333-8FDC-42A3-9474-1A3956D46DE8}") = "Wire", "Wire", "{DC299D8F-C3EA-4DA0-ADFF-10D8C1757316}"
EndProject
Project("{FAE04EC0-301F-11D3-BF4B-00C04F79EFBC}") = "Wire.Display", "src\Wire\Wire.Display\Wire.Display.csproj", "{5CEFF916-8404-4088-9F5D-DB53DCEACB8B}"
EndProject
Project("{FAE04EC0-301F-11D3-BF4B-00C04F79EFBC}") = "Drivers", "src\Devices\Drivers\Drivers\Drivers.csproj", "{CE0A9660-E113-4A92-8ED2-1B0DD4A61BC3}"
EndProject
Global
	GlobalSection(SolutionConfigurationPlatforms) = preSolution
		Debug|Any CPU = Debug|Any CPU
		Release|Any CPU = Release|Any CPU
	EndGlobalSection
	GlobalSection(ProjectConfigurationPlatforms) = postSolution
		{CF5F5C57-C1F2-462E-A34A-D78FD15FC7CD}.Debug|Any CPU.ActiveCfg = Debug|Any CPU
		{CF5F5C57-C1F2-462E-A34A-D78FD15FC7CD}.Debug|Any CPU.Build.0 = Debug|Any CPU
		{CF5F5C57-C1F2-462E-A34A-D78FD15FC7CD}.Release|Any CPU.ActiveCfg = Release|Any CPU
		{CF5F5C57-C1F2-462E-A34A-D78FD15FC7CD}.Release|Any CPU.Build.0 = Release|Any CPU
		{C0830B2E-A7BE-4FE9-A595-0C8543953FC2}.Debug|Any CPU.ActiveCfg = Debug|Any CPU
		{C0830B2E-A7BE-4FE9-A595-0C8543953FC2}.Debug|Any CPU.Build.0 = Debug|Any CPU
		{C0830B2E-A7BE-4FE9-A595-0C8543953FC2}.Release|Any CPU.ActiveCfg = Release|Any CPU
		{C0830B2E-A7BE-4FE9-A595-0C8543953FC2}.Release|Any CPU.Build.0 = Release|Any CPU
		{72CCDE22-2BB2-44E5-9B72-4BCB976EE3C5}.Debug|Any CPU.ActiveCfg = Debug|Any CPU
		{72CCDE22-2BB2-44E5-9B72-4BCB976EE3C5}.Debug|Any CPU.Build.0 = Debug|Any CPU
		{72CCDE22-2BB2-44E5-9B72-4BCB976EE3C5}.Release|Any CPU.ActiveCfg = Release|Any CPU
		{72CCDE22-2BB2-44E5-9B72-4BCB976EE3C5}.Release|Any CPU.Build.0 = Release|Any CPU
		{B9673A44-B98D-499C-AF20-3F7E0D9D7322}.Debug|Any CPU.ActiveCfg = Debug|Any CPU
		{B9673A44-B98D-499C-AF20-3F7E0D9D7322}.Debug|Any CPU.Build.0 = Debug|Any CPU
		{B9673A44-B98D-499C-AF20-3F7E0D9D7322}.Release|Any CPU.ActiveCfg = Release|Any CPU
		{B9673A44-B98D-499C-AF20-3F7E0D9D7322}.Release|Any CPU.Build.0 = Release|Any CPU
		{F81B94BE-60A2-45BA-89CE-88FF8C05B5E9}.Debug|Any CPU.ActiveCfg = Debug|Any CPU
		{F81B94BE-60A2-45BA-89CE-88FF8C05B5E9}.Debug|Any CPU.Build.0 = Debug|Any CPU
		{F81B94BE-60A2-45BA-89CE-88FF8C05B5E9}.Release|Any CPU.ActiveCfg = Release|Any CPU
		{F81B94BE-60A2-45BA-89CE-88FF8C05B5E9}.Release|Any CPU.Build.0 = Release|Any CPU
		{84E8B9E0-1286-4CF1-BFEA-5384C5B1FCD6}.Debug|Any CPU.ActiveCfg = Debug|Any CPU
		{84E8B9E0-1286-4CF1-BFEA-5384C5B1FCD6}.Debug|Any CPU.Build.0 = Debug|Any CPU
		{84E8B9E0-1286-4CF1-BFEA-5384C5B1FCD6}.Release|Any CPU.ActiveCfg = Release|Any CPU
		{84E8B9E0-1286-4CF1-BFEA-5384C5B1FCD6}.Release|Any CPU.Build.0 = Release|Any CPU
		{FAD67C5B-D414-45B4-9A4F-9DAF278C01E2}.Debug|Any CPU.ActiveCfg = Debug|Any CPU
		{FAD67C5B-D414-45B4-9A4F-9DAF278C01E2}.Debug|Any CPU.Build.0 = Debug|Any CPU
		{FAD67C5B-D414-45B4-9A4F-9DAF278C01E2}.Release|Any CPU.ActiveCfg = Release|Any CPU
		{FAD67C5B-D414-45B4-9A4F-9DAF278C01E2}.Release|Any CPU.Build.0 = Release|Any CPU
		{FD66DBCF-3473-4492-BF7B-793769E064A8}.Debug|Any CPU.ActiveCfg = Debug|Any CPU
		{FD66DBCF-3473-4492-BF7B-793769E064A8}.Debug|Any CPU.Build.0 = Debug|Any CPU
		{FD66DBCF-3473-4492-BF7B-793769E064A8}.Release|Any CPU.ActiveCfg = Release|Any CPU
		{FD66DBCF-3473-4492-BF7B-793769E064A8}.Release|Any CPU.Build.0 = Release|Any CPU
		{673C0FB5-E819-4F75-A99D-03802A06CCC3}.Debug|Any CPU.ActiveCfg = Debug|Any CPU
		{673C0FB5-E819-4F75-A99D-03802A06CCC3}.Debug|Any CPU.Build.0 = Debug|Any CPU
		{673C0FB5-E819-4F75-A99D-03802A06CCC3}.Release|Any CPU.ActiveCfg = Release|Any CPU
		{673C0FB5-E819-4F75-A99D-03802A06CCC3}.Release|Any CPU.Build.0 = Release|Any CPU
		{B83EC91D-69EC-48DA-A6F9-674DFE9206C8}.Debug|Any CPU.ActiveCfg = Debug|Any CPU
		{B83EC91D-69EC-48DA-A6F9-674DFE9206C8}.Debug|Any CPU.Build.0 = Debug|Any CPU
		{B83EC91D-69EC-48DA-A6F9-674DFE9206C8}.Release|Any CPU.ActiveCfg = Release|Any CPU
		{B83EC91D-69EC-48DA-A6F9-674DFE9206C8}.Release|Any CPU.Build.0 = Release|Any CPU
		{5CEFF916-8404-4088-9F5D-DB53DCEACB8B}.Debug|Any CPU.ActiveCfg = Debug|Any CPU
		{5CEFF916-8404-4088-9F5D-DB53DCEACB8B}.Debug|Any CPU.Build.0 = Debug|Any CPU
		{5CEFF916-8404-4088-9F5D-DB53DCEACB8B}.Release|Any CPU.ActiveCfg = Release|Any CPU
		{5CEFF916-8404-4088-9F5D-DB53DCEACB8B}.Release|Any CPU.Build.0 = Release|Any CPU
		{CE0A9660-E113-4A92-8ED2-1B0DD4A61BC3}.Debug|Any CPU.ActiveCfg = Debug|Any CPU
		{CE0A9660-E113-4A92-8ED2-1B0DD4A61BC3}.Debug|Any CPU.Build.0 = Debug|Any CPU
		{CE0A9660-E113-4A92-8ED2-1B0DD4A61BC3}.Release|Any CPU.ActiveCfg = Release|Any CPU
		{CE0A9660-E113-4A92-8ED2-1B0DD4A61BC3}.Release|Any CPU.Build.0 = Release|Any CPU
	EndGlobalSection
	GlobalSection(SolutionProperties) = preSolution
		HideSolutionNode = FALSE
	EndGlobalSection
	GlobalSection(NestedProjects) = preSolution
		{C0830B2E-A7BE-4FE9-A595-0C8543953FC2} = {47E9F9E9-7D9A-4D45-9402-0082317A6D1E}
		{B9673A44-B98D-499C-AF20-3F7E0D9D7322} = {47E9F9E9-7D9A-4D45-9402-0082317A6D1E}
		{F81B94BE-60A2-45BA-89CE-88FF8C05B5E9} = {D1373FDD-89C4-4AF1-8062-34F7B4D02EE9}
		{84E8B9E0-1286-4CF1-BFEA-5384C5B1FCD6} = {A7C22BBD-A8B7-4594-B004-E1E289436E67}
		{E881F63F-D907-4D51-8F54-1A583C9148D0} = {3D93DB43-C513-46E9-8D61-99B1D4F3EC0E}
		{FD66DBCF-3473-4492-BF7B-793769E064A8} = {E881F63F-D907-4D51-8F54-1A583C9148D0}
		{686799A9-1880-4B3C-8ADE-94CE6F6886FE} = {B2067672-85C8-4A2F-84A9-88ABB99C6F87}
		{673C0FB5-E819-4F75-A99D-03802A06CCC3} = {686799A9-1880-4B3C-8ADE-94CE6F6886FE}
		{B83EC91D-69EC-48DA-A6F9-674DFE9206C8} = {686799A9-1880-4B3C-8ADE-94CE6F6886FE}
		{5CEFF916-8404-4088-9F5D-DB53DCEACB8B} = {DC299D8F-C3EA-4DA0-ADFF-10D8C1757316}
		{CE0A9660-E113-4A92-8ED2-1B0DD4A61BC3} = {E881F63F-D907-4D51-8F54-1A583C9148D0}
	EndGlobalSection
	GlobalSection(ExtensibilityGlobals) = postSolution
		SolutionGuid = {769F877E-9845-4CFE-86FF-15E0B31F176F}
	EndGlobalSection
EndGlobal
